
Microsoft Visual Studio Solution File, Format Version 12.00
# 
Project("{FAE04EC0-301F-11D3-BF4B-00C04F79EFBC}") = "FinanceManager", "FinanceManager\FinanceManager.csproj", "{351D8F51-7D8D-4677-A2A6-7A93CB2674DB}"
EndProject
Project("{FAE04EC0-301F-11D3-BF4B-00C04F79EFBC}") = "FinanceManager.DAL", "FinanceManager.DAL\FinanceManager.DAL.csproj", "{B8BFA784-8904-4E57-8E6B-74CA977D825C}"
EndProject
Project("{FAE04EC0-301F-11D3-BF4B-00C04F79EFBC}") = "FinanceManager.BLL", "FinanceManager.BLL\FinanceManager.BLL.csproj", "{F7834359-60C6-4E7F-B11D-D51AA601EC21}"
EndProject
Project("{FAE04EC0-301F-11D3-BF4B-00C04F79EFBC}") = "FinanceManager.UI", "FinanceManager.UI\FinanceManager.UI.csproj", "{47965702-FFD7-4B5A-8243-D8BC5B8DC9A3}"
EndProject
Global
	GlobalSection(SolutionConfigurationPlatforms) = preSolution
		Debug|Any CPU = Debug|Any CPU
		Release|Any CPU = Release|Any CPU
	EndGlobalSection
	GlobalSection(ProjectConfigurationPlatforms) = postSolution
		{351D8F51-7D8D-4677-A2A6-7A93CB2674DB}.Debug|Any CPU.ActiveCfg = Debug|Any CPU
		{351D8F51-7D8D-4677-A2A6-7A93CB2674DB}.Debug|Any CPU.Build.0 = Debug|Any CPU
		{351D8F51-7D8D-4677-A2A6-7A93CB2674DB}.Release|Any CPU.ActiveCfg = Release|Any CPU
		{351D8F51-7D8D-4677-A2A6-7A93CB2674DB}.Release|Any CPU.Build.0 = Release|Any CPU
		{B8BFA784-8904-4E57-8E6B-74CA977D825C}.Debug|Any CPU.ActiveCfg = Debug|Any CPU
		{B8BFA784-8904-4E57-8E6B-74CA977D825C}.Debug|Any CPU.Build.0 = Debug|Any CPU
		{B8BFA784-8904-4E57-8E6B-74CA977D825C}.Release|Any CPU.ActiveCfg = Release|Any CPU
		{B8BFA784-8904-4E57-8E6B-74CA977D825C}.Release|Any CPU.Build.0 = Release|Any CPU
		{F7834359-60C6-4E7F-B11D-D51AA601EC21}.Debug|Any CPU.ActiveCfg = Debug|Any CPU
		{F7834359-60C6-4E7F-B11D-D51AA601EC21}.Debug|Any CPU.Build.0 = Debug|Any CPU
		{F7834359-60C6-4E7F-B11D-D51AA601EC21}.Release|Any CPU.ActiveCfg = Release|Any CPU
		{F7834359-60C6-4E7F-B11D-D51AA601EC21}.Release|Any CPU.Build.0 = Release|Any CPU
		{47965702-FFD7-4B5A-8243-D8BC5B8DC9A3}.Debug|Any CPU.ActiveCfg = Debug|Any CPU
		{47965702-FFD7-4B5A-8243-D8BC5B8DC9A3}.Debug|Any CPU.Build.0 = Debug|Any CPU
		{47965702-FFD7-4B5A-8243-D8BC5B8DC9A3}.Release|Any CPU.ActiveCfg = Release|Any CPU
		{47965702-FFD7-4B5A-8243-D8BC5B8DC9A3}.Release|Any CPU.Build.0 = Release|Any CPU
	EndGlobalSection
EndGlobal
